// !$*UTF8*$!
{
	archiveVersion = 1;
	classes = {
	};
	objectVersion = 77;
	objects = {

/* Begin PBXBuildFile section */
		5D0BE1122FD47B480029CE62 /* DashboardView.swift in Sources */ = {isa = PBXBuildFile; fileRef = 5D0BE1112FD47B480029CE62 /* DashboardView.swift */; };
		5D1CB62B2FF6F8950052B1A4 /* NEATModel.swift in Sources */ = {isa = PBXBuildFile; fileRef = 5D1CB62A2FF6F8860052B1A4 /* NEATModel.swift */; };
		5D24FC832FEFCE7F00472E54 /* DayCacheEntry.swift in Sources */ = {isa = PBXBuildFile; fileRef = 5D24FC822FEFCE7F00472E54 /* DayCacheEntry.swift */; };
		5D2AABAE2FDEC7E600BAC18D /* DailyJournalView.swift in Sources */ = {isa = PBXBuildFile; fileRef = 5D2AABAD2FDEC7E600BAC18D /* DailyJournalView.swift */; };
		5D2E62B62FCE1AE20057E84D /* BodyFatHelpView.swift in Sources */ = {isa = PBXBuildFile; fileRef = 5D2E62AF2FCE1AE20057E84D /* BodyFatHelpView.swift */; };
		5D2E62B72FCE1AE20057E84D /* Translations.swift in Sources */ = {isa = PBXBuildFile; fileRef = 5D2E62B32FCE1AE20057E84D /* Translations.swift */; };
		5D2E62B82FCE1AE20057E84D /* caloricApp.swift in Sources */ = {isa = PBXBuildFile; fileRef = 5D2E62AB2FCE1AE20057E84D /* caloricApp.swift */; };
		5D2E62B92FCE1AE20057E84D /* ContentView.swift in Sources */ = {isa = PBXBuildFile; fileRef = 5D2E62B02FCE1AE20057E84D /* ContentView.swift */; };
		5D2E62BA2FCE1AE20057E84D /* Theme.swift in Sources */ = {isa = PBXBuildFile; fileRef = 5D2E62B22FCE1AE20057E84D /* Theme.swift */; };
		5D2E62BB2FCE1AE20057E84D /* ConfettiView.swift in Sources */ = {isa = PBXBuildFile; fileRef = 5D2E62AD2FCE1AE20057E84D /* ConfettiView.swift */; };
		5D2E62BD2FCE261C0057E84D /* Assets.xcassets in Resources */ = {isa = PBXBuildFile; fileRef = 5D2E62BC2FCE261C0057E84D /* Assets.xcassets */; };
		5D8016A12FEB1EC3004446E7 /* ActivityCalculationService.swift in Sources */ = {isa = PBXBuildFile; fileRef = 5D8016A02FEB1EC3004446E7 /* ActivityCalculationService.swift */; };
		5DAA00012FD60001000000A1 /* MainTabView.swift in Sources */ = {isa = PBXBuildFile; fileRef = 5DAA00002FD60001000000A1 /* MainTabView.swift */; };
		5DAA00032FD60001000000A2 /* SettingsView.swift in Sources */ = {isa = PBXBuildFile; fileRef = 5DAA00022FD60001000000A2 /* SettingsView.swift */; };
		5DCAF4DB2FE826D5005AE38A /* HealthKitImportService.swift in Sources */ = {isa = PBXBuildFile; fileRef = 5DCAF4DA2FE826D5005AE38A /* HealthKitImportService.swift */; };
		5DCAF4DE2FE82B6D005AE38A /* HealthKitPermissionView.swift in Sources */ = {isa = PBXBuildFile; fileRef = 5DCAF4DD2FE82B6D005AE38A /* HealthKitPermissionView.swift */; };
		5DCAF4E02FE8324F005AE38A /* UserProfile.swift in Sources */ = {isa = PBXBuildFile; fileRef = 5DCAF4DF2FE8324F005AE38A /* UserProfile.swift */; };
		5DCAF4E22FE8325F005AE38A /* AppRootView.swift in Sources */ = {isa = PBXBuildFile; fileRef = 5DCAF4E12FE8325F005AE38A /* AppRootView.swift */; };
		5DD033B82FF1819F00D1D4EE /* ManualDataView.swift in Sources */ = {isa = PBXBuildFile; fileRef = 5DD033B72FF1819F00D1D4EE /* ManualDataView.swift */; };
		5DEC7B912FE28406007A1989 /* TDEECalculationService.swift in Sources */ = {isa = PBXBuildFile; fileRef = 5DEC7B902FE28406007A1989 /* TDEECalculationService.swift */; };
		5DEC7B932FE28407007A1989 /* JournalStore.swift in Sources */ = {isa = PBXBuildFile; fileRef = 5DEC7B922FE28407007A1989 /* JournalStore.swift */; };
		5DF0280C2FF7922A003E06B9 /* FoodIntent.swift in Sources */ = {isa = PBXBuildFile; fileRef = 5DF0280B2FF79220003E06B9 /* FoodIntent.swift */; };
		5DF0280E2FF7924F003E06B9 /* JournalViewModel.swift in Sources */ = {isa = PBXBuildFile; fileRef = 5DF0280D2FF7924B003E06B9 /* JournalViewModel.swift */; };
/* End PBXBuildFile section */

/* Begin PBXFileReference section */
		5D0BE1112FD47B480029CE62 /* DashboardView.swift */ = {isa = PBXFileReference; lastKnownFileType = sourcecode.swift; path = DashboardView.swift; sourceTree = "<group>"; };
		5D1CB62A2FF6F8860052B1A4 /* NEATModel.swift */ = {isa = PBXFileReference; lastKnownFileType = sourcecode.swift; path = NEATModel.swift; sourceTree = "<group>"; };
		5D24FC822FEFCE7F00472E54 /* DayCacheEntry.swift */ = {isa = PBXFileReference; lastKnownFileType = sourcecode.swift; path = DayCacheEntry.swift; sourceTree = "<group>"; };
		5D2AABAD2FDEC7E600BAC18D /* DailyJournalView.swift */ = {isa = PBXFileReference; lastKnownFileType = sourcecode.swift; path = DailyJournalView.swift; sourceTree = "<group>"; };
		5D2E62AB2FCE1AE20057E84D /* caloricApp.swift */ = {isa = PBXFileReference; lastKnownFileType = sourcecode.swift; path = caloricApp.swift; sourceTree = "<group>"; };
		5D2E62AD2FCE1AE20057E84D /* ConfettiView.swift */ = {isa = PBXFileReference; lastKnownFileType = sourcecode.swift; path = ConfettiView.swift; sourceTree = "<group>"; };
		5D2E62AF2FCE1AE20057E84D /* BodyFatHelpView.swift */ = {isa = PBXFileReference; lastKnownFileType = sourcecode.swift; path = BodyFatHelpView.swift; sourceTree = "<group>"; };
		5D2E62B02FCE1AE20057E84D /* ContentView.swift */ = {isa = PBXFileReference; lastKnownFileType = sourcecode.swift; path = ContentView.swift; sourceTree = "<group>"; };
		5D2E62B22FCE1AE20057E84D /* Theme.swift */ = {isa = PBXFileReference; lastKnownFileType = sourcecode.swift; path = Theme.swift; sourceTree = "<group>"; };
		5D2E62B32FCE1AE20057E84D /* Translations.swift */ = {isa = PBXFileReference; lastKnownFileType = sourcecode.swift; path = Translations.swift; sourceTree = "<group>"; };
		5D2E62BC2FCE261C0057E84D /* Assets.xcassets */ = {isa = PBXFileReference; lastKnownFileType = folder.assetcatalog; path = Assets.xcassets; sourceTree = "<group>"; };
		5D8016A02FEB1EC3004446E7 /* ActivityCalculationService.swift */ = {isa = PBXFileReference; lastKnownFileType = sourcecode.swift; path = ActivityCalculationService.swift; sourceTree = "<group>"; };
		5D9DF5552FCC4C0600376596 /* caloric.app */ = {isa = PBXFileReference; explicitFileType = wrapper.application; includeInIndex = 0; path = caloric.app; sourceTree = BUILT_PRODUCTS_DIR; };
		5DAA00002FD60001000000A1 /* MainTabView.swift */ = {isa = PBXFileReference; lastKnownFileType = sourcecode.swift; path = MainTabView.swift; sourceTree = "<group>"; };
		5DAA00022FD60001000000A2 /* SettingsView.swift */ = {isa = PBXFileReference; lastKnownFileType = sourcecode.swift; path = SettingsView.swift; sourceTree = "<group>"; };
		5DCAF4DA2FE826D5005AE38A /* HealthKitImportService.swift */ = {isa = PBXFileReference; lastKnownFileType = sourcecode.swift; path = HealthKitImportService.swift; sourceTree = "<group>"; };
		5DCAF4DC2FE8276F005AE38A /* caloric.entitlements */ = {isa = PBXFileReference; lastKnownFileType = text.plist.entitlements; path = caloric.entitlements; sourceTree = "<group>"; };
		5DCAF4DD2FE82B6D005AE38A /* HealthKitPermissionView.swift */ = {isa = PBXFileReference; lastKnownFileType = sourcecode.swift; path = HealthKitPermissionView.swift; sourceTree = "<group>"; };
		5DCAF4DF2FE8324F005AE38A /* UserProfile.swift */ = {isa = PBXFileReference; lastKnownFileType = sourcecode.swift; path = UserProfile.swift; sourceTree = "<group>"; };
		5DCAF4E12FE8325F005AE38A /* AppRootView.swift */ = {isa = PBXFileReference; lastKnownFileType = sourcecode.swift; path = AppRootView.swift; sourceTree = "<group>"; };
		5DD033B72FF1819F00D1D4EE /* ManualDataView.swift */ = {isa = PBXFileReference; lastKnownFileType = sourcecode.swift; path = ManualDataView.swift; sourceTree = "<group>"; };
		5DEC7B902FE28406007A1989 /* TDEECalculationService.swift */ = {isa = PBXFileReference; lastKnownFileType = sourcecode.swift; path = TDEECalculationService.swift; sourceTree = "<group>"; };
		5DEC7B922FE28407007A1989 /* JournalStore.swift */ = {isa = PBXFileReference; lastKnownFileType = sourcecode.swift; path = JournalStore.swift; sourceTree = "<group>"; };
		5DF0280B2FF79220003E06B9 /* FoodIntent.swift */ = {isa = PBXFileReference; lastKnownFileType = sourcecode.swift; path = FoodIntent.swift; sourceTree = "<group>"; };
		5DF0280D2FF7924B003E06B9 /* JournalViewModel.swift */ = {isa = PBXFileReference; lastKnownFileType = sourcecode.swift; path = JournalViewModel.swift; sourceTree = "<group>"; };
/* End PBXFileReference section */

/* Begin PBXFrameworksBuildPhase section */
		5D9DF5522FCC4C0600376596 /* Frameworks */ = {
			isa = PBXFrameworksBuildPhase;
			buildActionMask = 2147483647;
			files = (
			);
			runOnlyForDeploymentPostprocessing = 0;
		};
/* End PBXFrameworksBuildPhase section */

/* Begin PBXGroup section */
		5D2E62AC2FCE1AE20057E84D /* App */ = {
			isa = PBXGroup;
			children = (
				5D2E62AB2FCE1AE20057E84D /* caloricApp.swift */,
				5DCAF4E12FE8325F005AE38A /* AppRootView.swift */,
			);
			path = App;
			sourceTree = "<group>";
		};
		5D2E62AE2FCE1AE20057E84D /* Components */ = {
			isa = PBXGroup;
			children = (
				5D2E62AD2FCE1AE20057E84D /* ConfettiView.swift */,
			);
			path = Components;
			sourceTree = "<group>";
		};
		5D2E62B12FCE1AE20057E84D /* Onboarding */ = {
			isa = PBXGroup;
			children = (
				5D2E62AF2FCE1AE20057E84D /* BodyFatHelpView.swift */,
				5D2E62B02FCE1AE20057E84D /* ContentView.swift */,
				5D0BE1112FD47B480029CE62 /* DashboardView.swift */,
				5DAA00002FD60001000000A1 /* MainTabView.swift */,
				5DAA00022FD60001000000A2 /* SettingsView.swift */,
				5D2AABAD2FDEC7E600BAC18D /* DailyJournalView.swift */,
				5DCAF4DD2FE82B6D005AE38A /* HealthKitPermissionView.swift */,
				5DD033B72FF1819F00D1D4EE /* ManualDataView.swift */,
			);
			path = Onboarding;
			sourceTree = "<group>";
		};
		5D2E62B42FCE1AE20057E84D /* Utils */ = {
			isa = PBXGroup;
			children = (
				5D2E62B22FCE1AE20057E84D /* Theme.swift */,
				5D2E62B32FCE1AE20057E84D /* Translations.swift */,
				5DEC7B902FE28406007A1989 /* TDEECalculationService.swift */,
				5DEC7B922FE28407007A1989 /* JournalStore.swift */,
				5DCAF4DA2FE826D5005AE38A /* HealthKitImportService.swift */,
				5DCAF4DF2FE8324F005AE38A /* UserProfile.swift */,
				5D8016A02FEB1EC3004446E7 /* ActivityCalculationService.swift */,
				5D1CB62A2FF6F8860052B1A4 /* NEATModel.swift */,
				5D24FC822FEFCE7F00472E54 /* DayCacheEntry.swift */,
				5DF0280B2FF79220003E06B9 /* FoodIntent.swift */,
				5DF0280D2FF7924B003E06B9 /* JournalViewModel.swift */,
			);
			path = Utils;
			sourceTree = "<group>";
		};
		5D2E62B52FCE1AE20057E84D /* caloric */ = {
			isa = PBXGroup;
			children = (
				5DCAF4DC2FE8276F005AE38A /* caloric.entitlements */,
				5D2E62AC2FCE1AE20057E84D /* App */,
				5D2E62AE2FCE1AE20057E84D /* Components */,
				5D2E62B12FCE1AE20057E84D /* Onboarding */,
				5D2E62B42FCE1AE20057E84D /* Utils */,
			);
			path = caloric;
			sourceTree = "<group>";
		};
		5D9DF54C2FCC4C0600376596 = {
			isa = PBXGroup;
			children = (
				5D2E62BC2FCE261C0057E84D /* Assets.xcassets */,
				5D2E62B52FCE1AE20057E84D /* caloric */,
				5D9DF5562FCC4C0600376596 /* Products */,
			);
			sourceTree = "<group>";
		};
		5D9DF5562FCC4C0600376596 /* Products */ = {
			isa = PBXGroup;
			children = (
				5D9DF5552FCC4C0600376596 /* caloric.app */,
			);
			name = Products;
			sourceTree = "<group>";
		};
/* End PBXGroup section */

/* Begin PBXNativeTarget section */
		5D9DF5542FCC4C0600376596 /* caloric */ = {
			isa = PBXNativeTarget;
			buildConfigurationList = 5D9DF5602FCC4C0700376596 /* Build configuration list for PBXNativeTarget "caloric" */;
			buildPhases = (
				5D9DF5512FCC4C0600376596 /* Sources */,
				5D9DF5522FCC4C0600376596 /* Frameworks */,
				5D9DF5532FCC4C0600376596 /* Resources */,
			);
			buildRules = (
			);
			dependencies = (
			);
			name = caloric;
			packageProductDependencies = (
			);
			productName = caloric;
			productReference = 5D9DF5552FCC4C0600376596 /* caloric.app */;
			productType = "com.apple.product-type.application";
		};
/* End PBXNativeTarget section */

/* Begin PBXProject section */
		5D9DF54D2FCC4C0600376596 /* Project object */ = {
			isa = PBXProject;
			attributes = {
				BuildIndependentTargetsInParallel = 1;
				LastSwiftUpdateCheck = 2650;
				LastUpgradeCheck = 2650;
				TargetAttributes = {
					5D9DF5542FCC4C0600376596 = {
						CreatedOnToolsVersion = 26.5;
					};
				};
			};
			buildConfigurationList = 5D9DF5502FCC4C0600376596 /* Build configuration list for PBXProject "caloric" */;
			developmentRegion = en;
			hasScannedForEncodings = 0;
			knownRegions = (
				en,
				Base,
			);
			mainGroup = 5D9DF54C2FCC4C0600376596;
			minimizedProjectReferenceProxies = 1;
			preferredProjectObjectVersion = 77;
			productRefGroup = 5D9DF5562FCC4C0600376596 /* Products */;
			projectDirPath = "";
			projectRoot = "";
			targets = (
				5D9DF5542FCC4C0600376596 /* caloric */,
			);
		};
/* End PBXProject section */

/* Begin PBXResourcesBuildPhase section */
		5D9DF5532FCC4C0600376596 /* Resources */ = {
			isa = PBXResourcesBuildPhase;
			buildActionMask = 2147483647;
			files = (
				5D2E62BD2FCE261C0057E84D /* Assets.xcassets in Resources */,
			);
			runOnlyForDeploymentPostprocessing = 0;
		};
/* End PBXResourcesBuildPhase section */

/* Begin PBXSourcesBuildPhase section */
		5D9DF5512FCC4C0600376596 /* Sources */ = {
			isa = PBXSourcesBuildPhase;
			buildActionMask = 2147483647;
			files = (
				5DF0280E2FF7924F003E06B9 /* JournalViewModel.swift in Sources */,
				5D24FC832FEFCE7F00472E54 /* DayCacheEntry.swift in Sources */,
				5DF0280C2FF7922A003E06B9 /* FoodIntent.swift in Sources */,
				5D2AABAE2FDEC7E600BAC18D /* DailyJournalView.swift in Sources */,
				5D8016A12FEB1EC3004446E7 /* ActivityCalculationService.swift in Sources */,
				5D2E62B62FCE1AE20057E84D /* BodyFatHelpView.swift in Sources */,
				5DCAF4E02FE8324F005AE38A /* UserProfile.swift in Sources */,
				5DCAF4DE2FE82B6D005AE38A /* HealthKitPermissionView.swift in Sources */,
				5D2E62B72FCE1AE20057E84D /* Translations.swift in Sources */,
				5D1CB62B2FF6F8950052B1A4 /* NEATModel.swift in Sources */,
				5D2E62B82FCE1AE20057E84D /* caloricApp.swift in Sources */,
				5D0BE1122FD47B480029CE62 /* DashboardView.swift in Sources */,
				5DD033B82FF1819F00D1D4EE /* ManualDataView.swift in Sources */,
				5DEC7B932FE28407007A1989 /* JournalStore.swift in Sources */,
				5DAA00012FD60001000000A1 /* MainTabView.swift in Sources */,
				5DAA00032FD60001000000A2 /* SettingsView.swift in Sources */,
				5D2E62B92FCE1AE20057E84D /* ContentView.swift in Sources */,
				5D2E62BA2FCE1AE20057E84D /* Theme.swift in Sources */,
				5DCAF4E22FE8325F005AE38A /* AppRootView.swift in Sources */,
				5DCAF4DB2FE826D5005AE38A /* HealthKitImportService.swift in Sources */,
				5D2E62BB2FCE1AE20057E84D /* ConfettiView.swift in Sources */,
				5DEC7B912FE28406007A1989 /* TDEECalculationService.swift in Sources */,
			);
			runOnlyForDeploymentPostprocessing = 0;
		};
/* End PBXSourcesBuildPhase section */

/* Begin XCBuildConfiguration section */
		5D9DF55E2FCC4C0700376596 /* Debug */ = {
			isa = XCBuildConfiguration;
			buildSettings = {
				ALWAYS_SEARCH_USER_PATHS = NO;
				ASSETCATALOG_COMPILER_GENERATE_SWIFT_ASSET_SYMBOL_EXTENSIONS = YES;
				CLANG_ANALYZER_NONNULL = YES;
				CLANG_ANALYZER_NUMBER_OBJECT_CONVERSION = YES_AGGRESSIVE;
				CLANG_CXX_LANGUAGE_STANDARD = "gnu++20";
				CLANG_ENABLE_MODULES = YES;
				CLANG_ENABLE_OBJC_ARC = YES;
				CLANG_ENABLE_OBJC_WEAK = YES;
				CLANG_WARN_BLOCK_CAPTURE_AUTORELEASING = YES;
				CLANG_WARN_BOOL_CONVERSION = YES;
				CLANG_WARN_COMMA = YES;
				CLANG_WARN_CONSTANT_CONVERSION = YES;
				CLANG_WARN_DEPRECATED_OBJC_IMPLEMENTATIONS = YES;
				CLANG_WARN_DIRECT_OBJC_ISA_USAGE = YES_ERROR;
				CLANG_WARN_DOCUMENTATION_COMMENTS = YES;
				CLANG_WARN_EMPTY_BODY = YES;
				CLANG_WARN_ENUM_CONVERSION = YES;
				CLANG_WARN_INFINITE_RECURSION = YES;
				CLANG_WARN_INT_CONVERSION = YES;
				CLANG_WARN_NON_LITERAL_NULL_CONVERSION = YES;
				CLANG_WARN_OBJC_IMPLICIT_RETAIN_SELF = YES;
				CLANG_WARN_OBJC_LITERAL_CONVERSION = YES;
				CLANG_WARN_OBJC_ROOT_CLASS = YES_ERROR;
				CLANG_WARN_QUOTED_INCLUDE_IN_FRAMEWORK_HEADER = YES;
				CLANG_WARN_RANGE_LOOP_ANALYSIS = YES;
				CLANG_WARN_STRICT_PROTOTYPES = YES;
				CLANG_WARN_SUSPICIOUS_MOVE = YES;
				CLANG_WARN_UNGUARDED_AVAILABILITY = YES_AGGRESSIVE;
				CLANG_WARN_UNREACHABLE_CODE = YES;
				CLANG_WARN__DUPLICATE_METHOD_MATCH = YES;
				COPY_PHASE_STRIP = NO;
				DEBUG_INFORMATION_FORMAT = dwarf;
				DEVELOPMENT_TEAM = T4FV2UM9Y6;
				ENABLE_STRICT_OBJC_MSGSEND = YES;
				ENABLE_TESTABILITY = YES;
				ENABLE_USER_SCRIPT_SANDBOXING = YES;
				GCC_C_LANGUAGE_STANDARD = gnu17;
				GCC_DYNAMIC_NO_PIC = NO;
				GCC_NO_COMMON_BLOCKS = YES;
				GCC_OPTIMIZATION_LEVEL = 0;
				GCC_PREPROCESSOR_DEFINITIONS = (
					"DEBUG=1",
					"$(inherited)",
				);
				GCC_WARN_64_TO_32_BIT_CONVERSION = YES;
				GCC_WARN_ABOUT_RETURN_TYPE = YES_ERROR;
				GCC_WARN_UNDECLARED_SELECTOR = YES;
				GCC_WARN_UNINITIALIZED_AUTOS = YES_AGGRESSIVE;
				GCC_WARN_UNUSED_FUNCTION = YES;
				GCC_WARN_UNUSED_VARIABLE = YES;
				LOCALIZATION_PREFERS_STRING_CATALOGS = YES;
				MTL_ENABLE_DEBUG_INFO = INCLUDE_SOURCE;
				MTL_FAST_MATH = YES;
				ONLY_ACTIVE_ARCH = YES;
				SWIFT_ACTIVE_COMPILATION_CONDITIONS = "DEBUG $(inherited)";
				SWIFT_OPTIMIZATION_LEVEL = "-Onone";
			};
			name = Debug;
		};
		5D9DF55F2FCC4C0700376596 /* Release */ = {
			isa = XCBuildConfiguration;
			buildSettings = {
				ALWAYS_SEARCH_USER_PATHS = NO;
				ASSETCATALOG_COMPILER_GENERATE_SWIFT_ASSET_SYMBOL_EXTENSIONS = YES;
				CLANG_ANALYZER_NONNULL = YES;
				CLANG_ANALYZER_NUMBER_OBJECT_CONVERSION = YES_AGGRESSIVE;
				CLANG_CXX_LANGUAGE_STANDARD = "gnu++20";
				CLANG_ENABLE_MODULES = YES;
				CLANG_ENABLE_OBJC_ARC = YES;
				CLANG_ENABLE_OBJC_WEAK = YES;
				CLANG_WARN_BLOCK_CAPTURE_AUTORELEASING = YES;
				CLANG_WARN_BOOL_CONVERSION = YES;
				CLANG_WARN_COMMA = YES;
				CLANG_WARN_CONSTANT_CONVERSION = YES;
				CLANG_WARN_DEPRECATED_OBJC_IMPLEMENTATIONS = YES;
				CLANG_WARN_DIRECT_OBJC_ISA_USAGE = YES_ERROR;
				CLANG_WARN_DOCUMENTATION_COMMENTS = YES;
				CLANG_WARN_EMPTY_BODY = YES;
				CLANG_WARN_ENUM_CONVERSION = YES;
				CLANG_WARN_INFINITE_RECURSION = YES;
				CLANG_WARN_INT_CONVERSION = YES;
				CLANG_WARN_NON_LITERAL_NULL_CONVERSION = YES;
				CLANG_WARN_OBJC_IMPLICIT_RETAIN_SELF = YES;
				CLANG_WARN_OBJC_LITERAL_CONVERSION = YES;
				CLANG_WARN_OBJC_ROOT_CLASS = YES_ERROR;
				CLANG_WARN_QUOTED_INCLUDE_IN_FRAMEWORK_HEADER = YES;
				CLANG_WARN_RANGE_LOOP_ANALYSIS = YES;
				CLANG_WARN_STRICT_PROTOTYPES = YES;
				CLANG_WARN_SUSPICIOUS_MOVE = YES;
				CLANG_WARN_UNGUARDED_AVAILABILITY = YES_AGGRESSIVE;
				CLANG_WARN_UNREACHABLE_CODE = YES;
				CLANG_WARN__DUPLICATE_METHOD_MATCH = YES;
				COPY_PHASE_STRIP = NO;
				DEBUG_INFORMATION_FORMAT = "dwarf-with-dsym";
				DEVELOPMENT_TEAM = T4FV2UM9Y6;
				ENABLE_NS_ASSERTIONS = NO;
				ENABLE_STRICT_OBJC_MSGSEND = YES;
				ENABLE_USER_SCRIPT_SANDBOXING = YES;
				GCC_C_LANGUAGE_STANDARD = gnu17;
				GCC_NO_COMMON_BLOCKS = YES;
				GCC_WARN_64_TO_32_BIT_CONVERSION = YES;
				GCC_WARN_ABOUT_RETURN_TYPE = YES_ERROR;
				GCC_WARN_UNDECLARED_SELECTOR = YES;
				GCC_WARN_UNINITIALIZED_AUTOS = YES_AGGRESSIVE;
				GCC_WARN_UNUSED_FUNCTION = YES;
				GCC_WARN_UNUSED_VARIABLE = YES;
				LOCALIZATION_PREFERS_STRING_CATALOGS = YES;
				MTL_ENABLE_DEBUG_INFO = NO;
				MTL_FAST_MATH = YES;
				SWIFT_COMPILATION_MODE = wholemodule;
			};
			name = Release;
		};
		5D9DF5612FCC4C0700376596 /* Debug */ = {
			isa = XCBuildConfiguration;
			buildSettings = {
				ASSETCATALOG_COMPILER_APPICON_NAME = AppIcon;
				ASSETCATALOG_COMPILER_GLOBAL_ACCENT_COLOR_NAME = AccentColor;
				CODE_SIGN_ENTITLEMENTS = caloric/caloric.entitlements;
				CODE_SIGN_STYLE = Automatic;
				CURRENT_PROJECT_VERSION = 1;
				DEVELOPMENT_TEAM = T4FV2UM9Y6;
				ENABLE_APP_SANDBOX = YES;
				ENABLE_HARDENED_RUNTIME = YES;
				ENABLE_PREVIEWS = YES;
				ENABLE_USER_SELECTED_FILES = readonly;
				GENERATE_INFOPLIST_FILE = YES;
				INFOPLIST_KEY_NSHealthShareUsageDescription = "Caloric liest deine Workouts, Schritte und Schlafdaten, um deinen Tagesverbrauch zu berechnen.";
				"INFOPLIST_KEY_UIApplicationSceneManifest_Generation[sdk=iphoneos*]" = YES;
				"INFOPLIST_KEY_UIApplicationSceneManifest_Generation[sdk=iphonesimulator*]" = YES;
				"INFOPLIST_KEY_UIApplicationSupportsIndirectInputEvents[sdk=iphoneos*]" = YES;
				"INFOPLIST_KEY_UIApplicationSupportsIndirectInputEvents[sdk=iphonesimulator*]" = YES;
				"INFOPLIST_KEY_UILaunchScreen_Generation[sdk=iphoneos*]" = YES;
				"INFOPLIST_KEY_UILaunchScreen_Generation[sdk=iphonesimulator*]" = YES;
				"INFOPLIST_KEY_UIStatusBarStyle[sdk=iphoneos*]" = UIStatusBarStyleDefault;
				"INFOPLIST_KEY_UIStatusBarStyle[sdk=iphonesimulator*]" = UIStatusBarStyleDefault;
				INFOPLIST_KEY_UISupportedInterfaceOrientations_iPad = "UIInterfaceOrientationPortrait UIInterfaceOrientationPortraitUpsideDown UIInterfaceOrientationLandscapeLeft UIInterfaceOrientationLandscapeRight";
				INFOPLIST_KEY_UISupportedInterfaceOrientations_iPhone = "UIInterfaceOrientationPortrait UIInterfaceOrientationLandscapeLeft UIInterfaceOrientationLandscapeRight";
				IPHONEOS_DEPLOYMENT_TARGET = 26.5;
				LD_RUNPATH_SEARCH_PATHS = "@executable_path/Frameworks";
				"LD_RUNPATH_SEARCH_PATHS[sdk=macosx*]" = "@executable_path/../Frameworks";
				MACOSX_DEPLOYMENT_TARGET = 26.4;
				MARKETING_VERSION = 1.0;
				PRODUCT_BUNDLE_IDENTIFIER = com.JB.caloric;
				PRODUCT_NAME = "$(TARGET_NAME)";
				REGISTER_APP_GROUPS = YES;
				SDKROOT = auto;
				STRING_CATALOG_GENERATE_SYMBOLS = YES;
				SUPPORTED_PLATFORMS = "iphoneos iphonesimulator macosx xros xrsimulator";
				SWIFT_APPROACHABLE_CONCURRENCY = YES;
				SWIFT_DEFAULT_ACTOR_ISOLATION = MainActor;
				SWIFT_EMIT_LOC_STRINGS = YES;
				SWIFT_UPCOMING_FEATURE_MEMBER_IMPORT_VISIBILITY = YES;
				SWIFT_VERSION = 5.0;
				TARGETED_DEVICE_FAMILY = "1,2,7";
				XROS_DEPLOYMENT_TARGET = 26.5;
			};
			name = Debug;
		};
		5D9DF5622FCC4C0700376596 /* Release */ = {
			isa = XCBuildConfiguration;
			buildSettings = {
				ASSETCATALOG_COMPILER_APPICON_NAME = AppIcon;
				ASSETCATALOG_COMPILER_GLOBAL_ACCENT_COLOR_NAME = AccentColor;
				CODE_SIGN_ENTITLEMENTS = caloric/caloric.entitlements;
				CODE_SIGN_STYLE = Automatic;
				CURRENT_PROJECT_VERSION = 1;
				DEVELOPMENT_TEAM = T4FV2UM9Y6;
				ENABLE_APP_SANDBOX = YES;
				ENABLE_HARDENED_RUNTIME = YES;
				ENABLE_PREVIEWS = YES;
				ENABLE_USER_SELECTED_FILES = readonly;
				GENERATE_INFOPLIST_FILE = YES;
				INFOPLIST_KEY_NSHealthShareUsageDescription = "Caloric liest deine Workouts, Schritte und Schlafdaten, um deinen Tagesverbrauch zu berechnen.";
				"INFOPLIST_KEY_UIApplicationSceneManifest_Generation[sdk=iphoneos*]" = YES;
				"INFOPLIST_KEY_UIApplicationSceneManifest_Generation[sdk=iphonesimulator*]" = YES;
				"INFOPLIST_KEY_UIApplicationSupportsIndirectInputEvents[sdk=iphoneos*]" = YES;
				"INFOPLIST_KEY_UIApplicationSupportsIndirectInputEvents[sdk=iphonesimulator*]" = YES;
				"INFOPLIST_KEY_UILaunchScreen_Generation[sdk=iphoneos*]" = YES;
				"INFOPLIST_KEY_UILaunchScreen_Generation[sdk=iphonesimulator*]" = YES;
				"INFOPLIST_KEY_UIStatusBarStyle[sdk=iphoneos*]" = UIStatusBarStyleDefault;
				"INFOPLIST_KEY_UIStatusBarStyle[sdk=iphonesimulator*]" = UIStatusBarStyleDefault;
				INFOPLIST_KEY_UISupportedInterfaceOrientations_iPad = "UIInterfaceOrientationPortrait UIInterfaceOrientationPortraitUpsideDown UIInterfaceOrientationLandscapeLeft UIInterfaceOrientationLandscapeRight";
				INFOPLIST_KEY_UISupportedInterfaceOrientations_iPhone = "UIInterfaceOrientationPortrait UIInterfaceOrientationLandscapeLeft UIInterfaceOrientationLandscapeRight";
				IPHONEOS_DEPLOYMENT_TARGET = 26.5;
				LD_RUNPATH_SEARCH_PATHS = "@executable_path/Frameworks";
				"LD_RUNPATH_SEARCH_PATHS[sdk=macosx*]" = "@executable_path/../Frameworks";
				MACOSX_DEPLOYMENT_TARGET = 26.4;
				MARKETING_VERSION = 1.0;
				PRODUCT_BUNDLE_IDENTIFIER = com.JB.caloric;
				PRODUCT_NAME = "$(TARGET_NAME)";
				REGISTER_APP_GROUPS = YES;
				SDKROOT = auto;
				STRING_CATALOG_GENERATE_SYMBOLS = YES;
				SUPPORTED_PLATFORMS = "iphoneos iphonesimulator macosx xros xrsimulator";
				SWIFT_APPROACHABLE_CONCURRENCY = YES;
				SWIFT_DEFAULT_ACTOR_ISOLATION = MainActor;
				SWIFT_EMIT_LOC_STRINGS = YES;
				SWIFT_UPCOMING_FEATURE_MEMBER_IMPORT_VISIBILITY = YES;
				SWIFT_VERSION = 5.0;
				TARGETED_DEVICE_FAMILY = "1,2,7";
				XROS_DEPLOYMENT_TARGET = 26.5;
			};
			name = Release;
		};
/* End XCBuildConfiguration section */

/* Begin XCConfigurationList section */
		5D9DF5502FCC4C0600376596 /* Build configuration list for PBXProject "caloric" */ = {
			isa = XCConfigurationList;
			buildConfigurations = (
				5D9DF55E2FCC4C0700376596 /* Debug */,
				5D9DF55F2FCC4C0700376596 /* Release */,
			);
			defaultConfigurationIsVisible = 0;
			defaultConfigurationName = Release;
		};
		5D9DF5602FCC4C0700376596 /* Build configuration list for PBXNativeTarget "caloric" */ = {
			isa = XCConfigurationList;
			buildConfigurations = (
				5D9DF5612FCC4C0700376596 /* Debug */,
				5D9DF5622FCC4C0700376596 /* Release */,
			);
			defaultConfigurationIsVisible = 0;
			defaultConfigurationName = Release;
		};
/* End XCConfigurationList section */
	};
	rootObject = 5D9DF54D2FCC4C0600376596 /* Project object */;
}
